// !$*UTF8*$!
{
	archiveVersion = 1;
	classes = {
	};
	objectVersion = 46;
	objects = {

/* Begin PBXBuildFile section */
		8A16033614C3329B000A5D5E /* MainViewController.m in Sources */ = {isa = PBXBuildFile; fileRef = 8A16033414C3329B000A5D5E /* MainViewController.m */; };
		8A16033714C3329B000A5D5E /* MainViewController.xib in Resources */ = {isa = PBXBuildFile; fileRef = 8A16033514C3329B000A5D5E /* MainViewController.xib */; };
		8A16033C14C3370D000A5D5E /* LeftViewController.m in Sources */ = {isa = PBXBuildFile; fileRef = 8A16033A14C3370D000A5D5E /* LeftViewController.m */; };
		8A16033D14C3370D000A5D5E /* LeftViewController.xib in Resources */ = {isa = PBXBuildFile; fileRef = 8A16033B14C3370D000A5D5E /* LeftViewController.xib */; };
		8AB7515214C469B1008DF838 /* TopViewController.m in Sources */ = {isa = PBXBuildFile; fileRef = 8AB7515014C469B1008DF838 /* TopViewController.m */; };
		8AB7515314C469B1008DF838 /* TopViewController.xib in Resources */ = {isa = PBXBuildFile; fileRef = 8AB7515114C469B1008DF838 /* TopViewController.xib */; };
		8AB7515914C46A55008DF838 /* RightViewController.m in Sources */ = {isa = PBXBuildFile; fileRef = 8AB7515714C46A55008DF838 /* RightViewController.m */; };
		8AB7515A14C46A55008DF838 /* RightViewController.xib in Resources */ = {isa = PBXBuildFile; fileRef = 8AB7515814C46A55008DF838 /* RightViewController.xib */; };
		8AB7DFA814C32C34003BB140 /* UIKit.framework in Frameworks */ = {isa = PBXBuildFile; fileRef = 8AB7DFA714C32C34003BB140 /* UIKit.framework */; };
		8AB7DFAA14C32C34003BB140 /* Foundation.framework in Frameworks */ = {isa = PBXBuildFile; fileRef = 8AB7DFA914C32C34003BB140 /* Foundation.framework */; };
		8AB7DFAC14C32C34003BB140 /* CoreGraphics.framework in Frameworks */ = {isa = PBXBuildFile; fileRef = 8AB7DFAB14C32C34003BB140 /* CoreGraphics.framework */; };
		8AB7DFB214C32C34003BB140 /* InfoPlist.strings in Resources */ = {isa = PBXBuildFile; fileRef = 8AB7DFB014C32C34003BB140 /* InfoPlist.strings */; };
		8AB7DFB414C32C34003BB140 /* main.m in Sources */ = {isa = PBXBuildFile; fileRef = 8AB7DFB314C32C34003BB140 /* main.m */; };
		8AB7DFB814C32C34003BB140 /* GBAppDelegate.m in Sources */ = {isa = PBXBuildFile; fileRef = 8AB7DFB714C32C34003BB140 /* GBAppDelegate.m */; };
		8AB7DFC114C32C82003BB140 /* GBCardStackController.m in Sources */ = {isa = PBXBuildFile; fileRef = 8AB7DFC014C32C82003BB140 /* GBCardStackController.m */; };
		8AB7DFC414C32DEB003BB140 /* GBCardViewController.m in Sources */ = {isa = PBXBuildFile; fileRef = 8AB7DFC314C32DEB003BB140 /* GBCardViewController.m */; };
/* End PBXBuildFile section */

/* Begin PBXFileReference section */
		8A16033314C3329B000A5D5E /* MainViewController.h */ = {isa = PBXFileReference; fileEncoding = 4; lastKnownFileType = sourcecode.c.h; path = MainViewController.h; sourceTree = "<group>"; };
		8A16033414C3329B000A5D5E /* MainViewController.m */ = {isa = PBXFileReference; fileEncoding = 4; lastKnownFileType = sourcecode.c.objc; path = MainViewController.m; sourceTree = "<group>"; };
		8A16033514C3329B000A5D5E /* MainViewController.xib */ = {isa = PBXFileReference; fileEncoding = 4; lastKnownFileType = file.xib; path = MainViewController.xib; sourceTree = "<group>"; };
		8A16033914C3370D000A5D5E /* LeftViewController.h */ = {isa = PBXFileReference; fileEncoding = 4; lastKnownFileType = sourcecode.c.h; path = LeftViewController.h; sourceTree = "<group>"; };
		8A16033A14C3370D000A5D5E /* LeftViewController.m */ = {isa = PBXFileReference; fileEncoding = 4; lastKnownFileType = sourcecode.c.objc; path = LeftViewController.m; sourceTree = "<group>"; };
		8A16033B14C3370D000A5D5E /* LeftViewController.xib */ = {isa = PBXFileReference; fileEncoding = 4; lastKnownFileType = file.xib; path = LeftViewController.xib; sourceTree = "<group>"; };
		8AB7514F14C469B1008DF838 /* TopViewController.h */ = {isa = PBXFileReference; fileEncoding = 4; lastKnownFileType = sourcecode.c.h; path = TopViewController.h; sourceTree = "<group>"; };
		8AB7515014C469B1008DF838 /* TopViewController.m */ = {isa = PBXFileReference; fileEncoding = 4; lastKnownFileType = sourcecode.c.objc; path = TopViewController.m; sourceTree = "<group>"; };
		8AB7515114C469B1008DF838 /* TopViewController.xib */ = {isa = PBXFileReference; fileEncoding = 4; lastKnownFileType = file.xib; path = TopViewController.xib; sourceTree = "<group>"; };
		8AB7515614C46A55008DF838 /* RightViewController.h */ = {isa = PBXFileReference; fileEncoding = 4; lastKnownFileType = sourcecode.c.h; path = RightViewController.h; sourceTree = "<group>"; };
		8AB7515714C46A55008DF838 /* RightViewController.m */ = {isa = PBXFileReference; fileEncoding = 4; lastKnownFileType = sourcecode.c.objc; path = RightViewController.m; sourceTree = "<group>"; };
		8AB7515814C46A55008DF838 /* RightViewController.xib */ = {isa = PBXFileReference; fileEncoding = 4; lastKnownFileType = file.xib; path = RightViewController.xib; sourceTree = "<group>"; };
		8AB7DFA314C32C34003BB140 /* Goonbee Cardstack.app */ = {isa = PBXFileReference; explicitFileType = wrapper.application; includeInIndex = 0; path = "Goonbee Cardstack.app"; sourceTree = BUILT_PRODUCTS_DIR; };
		8AB7DFA714C32C34003BB140 /* UIKit.framework */ = {isa = PBXFileReference; lastKnownFileType = wrapper.framework; name = UIKit.framework; path = System/Library/Frameworks/UIKit.framework; sourceTree = SDKROOT; };
		8AB7DFA914C32C34003BB140 /* Foundation.framework */ = {isa = PBXFileReference; lastKnownFileType = wrapper.framework; name = Foundation.framework; path = System/Library/Frameworks/Foundation.framework; sourceTree = SDKROOT; };
		8AB7DFAB14C32C34003BB140 /* CoreGraphics.framework */ = {isa = PBXFileReference; lastKnownFileType = wrapper.framework; name = CoreGraphics.framework; path = System/Library/Frameworks/CoreGraphics.framework; sourceTree = SDKROOT; };
		8AB7DFAF14C32C34003BB140 /* Goonbee Cardstack-Info.plist */ = {isa = PBXFileReference; lastKnownFileType = text.plist.xml; path = "Goonbee Cardstack-Info.plist"; sourceTree = "<group>"; };
		8AB7DFB114C32C34003BB140 /* en */ = {isa = PBXFileReference; lastKnownFileType = text.plist.strings; name = en; path = en.lproj/InfoPlist.strings; sourceTree = "<group>"; };
		8AB7DFB314C32C34003BB140 /* main.m */ = {isa = PBXFileReference; lastKnownFileType = sourcecode.c.objc; path = main.m; sourceTree = "<group>"; };
		8AB7DFB514C32C34003BB140 /* Goonbee Cardstack-Prefix.pch */ = {isa = PBXFileReference; lastKnownFileType = sourcecode.c.h; path = "Goonbee Cardstack-Prefix.pch"; sourceTree = "<group>"; };
		8AB7DFB614C32C34003BB140 /* GBAppDelegate.h */ = {isa = PBXFileReference; lastKnownFileType = sourcecode.c.h; path = GBAppDelegate.h; sourceTree = "<group>"; };
		8AB7DFB714C32C34003BB140 /* GBAppDelegate.m */ = {isa = PBXFileReference; lastKnownFileType = sourcecode.c.objc; path = GBAppDelegate.m; sourceTree = "<group>"; };
		8AB7DFBF14C32C82003BB140 /* GBCardStackController.h */ = {isa = PBXFileReference; fileEncoding = 4; lastKnownFileType = sourcecode.c.h; name = GBCardStackController.h; path = "Goonbee Cardstack/GBCardStackController.h"; sourceTree = "<group>"; };
		8AB7DFC014C32C82003BB140 /* GBCardStackController.m */ = {isa = PBXFileReference; fileEncoding = 4; lastKnownFileType = sourcecode.c.objc; name = GBCardStackController.m; path = "Goonbee Cardstack/GBCardStackController.m"; sourceTree = "<group>"; };
		8AB7DFC214C32DEB003BB140 /* GBCardViewController.h */ = {isa = PBXFileReference; fileEncoding = 4; lastKnownFileType = sourcecode.c.h; name = GBCardViewController.h; path = "Goonbee Cardstack/GBCardViewController.h"; sourceTree = "<group>"; };
		8AB7DFC314C32DEB003BB140 /* GBCardViewController.m */ = {isa = PBXFileReference; fileEncoding = 4; lastKnownFileType = sourcecode.c.objc; name = GBCardViewController.m; path = "Goonbee Cardstack/GBCardViewController.m"; sourceTree = "<group>"; };
/* End PBXFileReference section */

/* Begin PBXFrameworksBuildPhase section */
		8AB7DFA014C32C33003BB140 /* Frameworks */ = {
			isa = PBXFrameworksBuildPhase;
			buildActionMask = 2147483647;
			files = (
				8AB7DFA814C32C34003BB140 /* UIKit.framework in Frameworks */,
				8AB7DFAA14C32C34003BB140 /* Foundation.framework in Frameworks */,
				8AB7DFAC14C32C34003BB140 /* CoreGraphics.framework in Frameworks */,
			);
			runOnlyForDeploymentPostprocessing = 0;
		};
/* End PBXFrameworksBuildPhase section */

/* Begin PBXGroup section */
		8AB7515514C469C5008DF838 /* GBCardStack */ = {
			isa = PBXGroup;
			children = (
				8AB7DFBF14C32C82003BB140 /* GBCardStackController.h */,
				8AB7DFC014C32C82003BB140 /* GBCardStackController.m */,
				8AB7DFC214C32DEB003BB140 /* GBCardViewController.h */,
				8AB7DFC314C32DEB003BB140 /* GBCardViewController.m */,
			);
			name = GBCardStack;
			sourceTree = "<group>";
		};
		8AB7DF9814C32C33003BB140 = {
			isa = PBXGroup;
			children = (
				8AB7515514C469C5008DF838 /* GBCardStack */,
				8AB7DFBE14C32C44003BB140 /* View Controllers */,
				8AB7DFAD14C32C34003BB140 /* Goonbee Cardstack */,
				8AB7DFA614C32C34003BB140 /* Frameworks */,
				8AB7DFA414C32C34003BB140 /* Products */,
			);
			sourceTree = "<group>";
		};
		8AB7DFA414C32C34003BB140 /* Products */ = {
			isa = PBXGroup;
			children = (
				8AB7DFA314C32C34003BB140 /* Goonbee Cardstack.app */,
			);
			name = Products;
			sourceTree = "<group>";
		};
		8AB7DFA614C32C34003BB140 /* Frameworks */ = {
			isa = PBXGroup;
			children = (
				8AB7DFA714C32C34003BB140 /* UIKit.framework */,
				8AB7DFA914C32C34003BB140 /* Foundation.framework */,
				8AB7DFAB14C32C34003BB140 /* CoreGraphics.framework */,
			);
			name = Frameworks;
			sourceTree = "<group>";
		};
		8AB7DFAD14C32C34003BB140 /* Goonbee Cardstack */ = {
			isa = PBXGroup;
			children = (
				8AB7DFB614C32C34003BB140 /* GBAppDelegate.h */,
				8AB7DFB714C32C34003BB140 /* GBAppDelegate.m */,
				8AB7DFAE14C32C34003BB140 /* Supporting Files */,
			);
			path = "Goonbee Cardstack";
			sourceTree = "<group>";
		};
		8AB7DFAE14C32C34003BB140 /* Supporting Files */ = {
			isa = PBXGroup;
			children = (
				8AB7DFAF14C32C34003BB140 /* Goonbee Cardstack-Info.plist */,
				8AB7DFB014C32C34003BB140 /* InfoPlist.strings */,
				8AB7DFB314C32C34003BB140 /* main.m */,
				8AB7DFB514C32C34003BB140 /* Goonbee Cardstack-Prefix.pch */,
			);
			name = "Supporting Files";
			sourceTree = "<group>";
		};
		8AB7DFBE14C32C44003BB140 /* View Controllers */ = {
			isa = PBXGroup;
			children = (
				8A16033314C3329B000A5D5E /* MainViewController.h */,
				8A16033414C3329B000A5D5E /* MainViewController.m */,
				8A16033514C3329B000A5D5E /* MainViewController.xib */,
				8AB7514F14C469B1008DF838 /* TopViewController.h */,
				8AB7515014C469B1008DF838 /* TopViewController.m */,
				8AB7515114C469B1008DF838 /* TopViewController.xib */,
				8A16033914C3370D000A5D5E /* LeftViewController.h */,
				8A16033A14C3370D000A5D5E /* LeftViewController.m */,
				8A16033B14C3370D000A5D5E /* LeftViewController.xib */,
				8AB7515614C46A55008DF838 /* RightViewController.h */,
				8AB7515714C46A55008DF838 /* RightViewController.m */,
				8AB7515814C46A55008DF838 /* RightViewController.xib */,
			);
			name = "View Controllers";
			path = "Goonbee Cardstack";
			sourceTree = "<group>";
		};
/* End PBXGroup section */

/* Begin PBXNativeTarget section */
		8AB7DFA214C32C33003BB140 /* Goonbee Cardstack */ = {
			isa = PBXNativeTarget;
			buildConfigurationList = 8AB7DFBB14C32C34003BB140 /* Build configuration list for PBXNativeTarget "Goonbee Cardstack" */;
			buildPhases = (
				8AB7DF9F14C32C33003BB140 /* Sources */,
				8AB7DFA014C32C33003BB140 /* Frameworks */,
				8AB7DFA114C32C33003BB140 /* Resources */,
			);
			buildRules = (
			);
			dependencies = (
			);
			name = "Goonbee Cardstack";
			productName = "Goonbee Cardstack";
			productReference = 8AB7DFA314C32C34003BB140 /* Goonbee Cardstack.app */;
			productType = "com.apple.product-type.application";
		};
/* End PBXNativeTarget section */

/* Begin PBXProject section */
		8AB7DF9A14C32C33003BB140 /* Project object */ = {
			isa = PBXProject;
			attributes = {
				LastUpgradeCheck = 0420;
				ORGANIZATIONNAME = Goonbee;
			};
			buildConfigurationList = 8AB7DF9D14C32C33003BB140 /* Build configuration list for PBXProject "Goonbee Cardstack" */;
			compatibilityVersion = "Xcode 3.2";
			developmentRegion = English;
			hasScannedForEncodings = 0;
			knownRegions = (
				en,
			);
			mainGroup = 8AB7DF9814C32C33003BB140;
			productRefGroup = 8AB7DFA414C32C34003BB140 /* Products */;
			projectDirPath = "";
			projectRoot = "";
			targets = (
				8AB7DFA214C32C33003BB140 /* Goonbee Cardstack */,
			);
		};
/* End PBXProject section */

/* Begin PBXResourcesBuildPhase section */
		8AB7DFA114C32C33003BB140 /* Resources */ = {
			isa = PBXResourcesBuildPhase;
			buildActionMask = 2147483647;
			files = (
				8AB7DFB214C32C34003BB140 /* InfoPlist.strings in Resources */,
				8A16033714C3329B000A5D5E /* MainViewController.xib in Resources */,
				8A16033D14C3370D000A5D5E /* LeftViewController.xib in Resources */,
				8AB7515314C469B1008DF838 /* TopViewController.xib in Resources */,
				8AB7515A14C46A55008DF838 /* RightViewController.xib in Resources */,
			);
			runOnlyForDeploymentPostprocessing = 0;
		};
/* End PBXResourcesBuildPhase section */

/* Begin PBXSourcesBuildPhase section */
		8AB7DF9F14C32C33003BB140 /* Sources */ = {
			isa = PBXSourcesBuildPhase;
			buildActionMask = 2147483647;
			files = (
				8AB7DFB414C32C34003BB140 /* main.m in Sources */,
				8AB7DFB814C32C34003BB140 /* GBAppDelegate.m in Sources */,
				8AB7DFC114C32C82003BB140 /* GBCardStackController.m in Sources */,
				8AB7DFC414C32DEB003BB140 /* GBCardViewController.m in Sources */,
				8A16033614C3329B000A5D5E /* MainViewController.m in Sources */,
				8A16033C14C3370D000A5D5E /* LeftViewController.m in Sources */,
				8AB7515214C469B1008DF838 /* TopViewController.m in Sources */,
				8AB7515914C46A55008DF838 /* RightViewController.m in Sources */,
			);
			runOnlyForDeploymentPostprocessing = 0;
		};
/* End PBXSourcesBuildPhase section */

/* Begin PBXVariantGroup section */
		8AB7DFB014C32C34003BB140 /* InfoPlist.strings */ = {
			isa = PBXVariantGroup;
			children = (
				8AB7DFB114C32C34003BB140 /* en */,
			);
			name = InfoPlist.strings;
			sourceTree = "<group>";
		};
/* End PBXVariantGroup section */

/* Begin XCBuildConfiguration section */
		8AB7DFB914C32C34003BB140 /* Debug */ = {
			isa = XCBuildConfiguration;
			buildSettings = {
				ALWAYS_SEARCH_USER_PATHS = NO;
				ARCHS = "$(ARCHS_STANDARD_32_BIT)";
				CLANG_ENABLE_OBJC_ARC = YES;
				"CODE_SIGN_IDENTITY[sdk=iphoneos*]" = "iPhone Developer";
				COPY_PHASE_STRIP = NO;
				GCC_C_LANGUAGE_STANDARD = gnu99;
				GCC_DYNAMIC_NO_PIC = NO;
				GCC_OPTIMIZATION_LEVEL = 0;
				GCC_PREPROCESSOR_DEFINITIONS = (
					"DEBUG=1",
					"$(inherited)",
				);
				GCC_SYMBOLS_PRIVATE_EXTERN = NO;
				GCC_VERSION = com.apple.compilers.llvm.clang.1_0;
				GCC_WARN_ABOUT_MISSING_PROTOTYPES = YES;
				GCC_WARN_ABOUT_RETURN_TYPE = YES;
				GCC_WARN_UNUSED_VARIABLE = YES;
				IPHONEOS_DEPLOYMENT_TARGET = 5.0;
				SDKROOT = iphoneos;
			};
			name = Debug;
		};
		8AB7DFBA14C32C34003BB140 /* Release */ = {
			isa = XCBuildConfiguration;
			buildSettings = {
				ALWAYS_SEARCH_USER_PATHS = NO;
				ARCHS = "$(ARCHS_STANDARD_32_BIT)";
				CLANG_ENABLE_OBJC_ARC = YES;
				"CODE_SIGN_IDENTITY[sdk=iphoneos*]" = "iPhone Developer";
				COPY_PHASE_STRIP = YES;
				GCC_C_LANGUAGE_STANDARD = gnu99;
				GCC_VERSION = com.apple.compilers.llvm.clang.1_0;
				GCC_WARN_ABOUT_MISSING_PROTOTYPES = YES;
				GCC_WARN_ABOUT_RETURN_TYPE = YES;
				GCC_WARN_UNUSED_VARIABLE = YES;
				IPHONEOS_DEPLOYMENT_TARGET = 5.0;
				OTHER_CFLAGS = "-DNS_BLOCK_ASSERTIONS=1";
				SDKROOT = iphoneos;
				VALIDATE_PRODUCT = YES;
			};
			name = Release;
		};
		8AB7DFBC14C32C34003BB140 /* Debug */ = {
			isa = XCBuildConfiguration;
			buildSettings = {
				GCC_PRECOMPILE_PREFIX_HEADER = YES;
				GCC_PREFIX_HEADER = "Goonbee Cardstack/Goonbee Cardstack-Prefix.pch";
				INFOPLIST_FILE = "Goonbee Cardstack/Goonbee Cardstack-Info.plist";
				PRODUCT_NAME = "$(TARGET_NAME)";
				WRAPPER_EXTENSION = app;
			};
			name = Debug;
		};
		8AB7DFBD14C32C34003BB140 /* Release */ = {
			isa = XCBuildConfiguration;
			buildSettings = {
				GCC_PRECOMPILE_PREFIX_HEADER = YES;
				GCC_PREFIX_HEADER = "Goonbee Cardstack/Goonbee Cardstack-Prefix.pch";
				INFOPLIST_FILE = "Goonbee Cardstack/Goonbee Cardstack-Info.plist";
				PRODUCT_NAME = "$(TARGET_NAME)";
				WRAPPER_EXTENSION = app;
			};
			name = Release;
		};
/* End XCBuildConfiguration section */

/* Begin XCConfigurationList section */
		8AB7DF9D14C32C33003BB140 /* Build configuration list for PBXProject "Goonbee Cardstack" */ = {
			isa = XCConfigurationList;
			buildConfigurations = (
				8AB7DFB914C32C34003BB140 /* Debug */,
				8AB7DFBA14C32C34003BB140 /* Release */,
			);
			defaultConfigurationIsVisible = 0;
			defaultConfigurationName = Release;
		};
		8AB7DFBB14C32C34003BB140 /* Build configuration list for PBXNativeTarget "Goonbee Cardstack" */ = {
			isa = XCConfigurationList;
			buildConfigurations = (
				8AB7DFBC14C32C34003BB140 /* Debug */,
				8AB7DFBD14C32C34003BB140 /* Release */,
			);
			defaultConfigurationIsVisible = 0;
			defaultConfigurationName = Release;
		};
/* End XCConfigurationList section */
	};
	rootObject = 8AB7DF9A14C32C33003BB140 /* Project object */;
}
